
Microsoft Visual Studio Solution File, Format Version 12.00
# Visual Studio 15
VisualStudioVersion = 15.0.27703.1
MinimumVisualStudioVersion = 10.0.40219.1
Project("{F184B08F-C81C-45F6-A57F-5ABD9991F28F}") = "Procedimientos", "Procedimientos\Procedimientos.vbproj", "{A8EF4F0C-B14C-4914-AB98-8F1A1542382D}"
EndProject
Global
	GlobalSection(SolutionConfigurationPlatforms) = preSolution
		Debug|Any CPU = Debug|Any CPU
		Release|Any CPU = Release|Any CPU
	EndGlobalSection
	GlobalSection(ProjectConfigurationPlatforms) = postSolution
		{A8EF4F0C-B14C-4914-AB98-8F1A1542382D}.Debug|Any CPU.ActiveCfg = Debug|Any CPU
		{A8EF4F0C-B14C-4914-AB98-8F1A1542382D}.Debug|Any CPU.Build.0 = Debug|Any CPU
		{A8EF4F0C-B14C-4914-AB98-8F1A1542382D}.Release|Any CPU.ActiveCfg = Release|Any CPU
		{A8EF4F0C-B14C-4914-AB98-8F1A1542382D}.Release|Any CPU.Build.0 = Release|Any CPU
	EndGlobalSection
	GlobalSection(SolutionProperties) = preSolution
		HideSolutionNode = FALSE
	EndGlobalSection
	GlobalSection(ExtensibilityGlobals) = postSolution
		SolutionGuid = {523F1762-5360-49D0-8B73-6AB1E0C2739A}
	EndGlobalSection
EndGlobal
